
Microsoft Visual Studio Solution File, Format Version 12.00
# Visual Studio Version 17
VisualStudioVersion = 17.4.33205.214
MinimumVisualStudioVersion = 10.0.40219.1
Project("{FAE04EC0-301F-11D3-BF4B-00C04F79EFBC}") = "8_4", "8_4\8_4.csproj", "{17A6DE18-3D3D-4259-898B-E51200ED7F27}"
EndProject
Global
	GlobalSection(SolutionConfigurationPlatforms) = preSolution
		Debug|Any CPU = Debug|Any CPU
		Release|Any CPU = Release|Any CPU
	EndGlobalSection
	GlobalSection(ProjectConfigurationPlatforms) = postSolution
		{17A6DE18-3D3D-4259-898B-E51200ED7F27}.Debug|Any CPU.ActiveCfg = Debug|Any CPU
		{17A6DE18-3D3D-4259-898B-E51200ED7F27}.Debug|Any CPU.Build.0 = Debug|Any CPU
		{17A6DE18-3D3D-4259-898B-E51200ED7F27}.Release|Any CPU.ActiveCfg = Release|Any CPU
		{17A6DE18-3D3D-4259-898B-E51200ED7F27}.Release|Any CPU.Build.0 = Release|Any CPU
	EndGlobalSection
	GlobalSection(SolutionProperties) = preSolution
		HideSolutionNode = FALSE
	EndGlobalSection
	GlobalSection(ExtensibilityGlobals) = postSolution
		SolutionGuid = {7BF8326E-C115-46A2-BE18-6D20A19BABF7}
	EndGlobalSection
EndGlobal
