
Microsoft Visual Studio Solution File, Format Version 12.00
# Visual Studio Version 17
VisualStudioVersion = 17.4.33205.214
MinimumVisualStudioVersion = 10.0.40219.1
Project("{FAE04EC0-301F-11D3-BF4B-00C04F79EFBC}") = "4_5", "4_5\4_5.csproj", "{6993CF34-9B19-4600-8DAC-2361B7CDDE1F}"
EndProject
Global
	GlobalSection(SolutionConfigurationPlatforms) = preSolution
		Debug|Any CPU = Debug|Any CPU
		Release|Any CPU = Release|Any CPU
	EndGlobalSection
	GlobalSection(ProjectConfigurationPlatforms) = postSolution
		{6993CF34-9B19-4600-8DAC-2361B7CDDE1F}.Debug|Any CPU.ActiveCfg = Debug|Any CPU
		{6993CF34-9B19-4600-8DAC-2361B7CDDE1F}.Debug|Any CPU.Build.0 = Debug|Any CPU
		{6993CF34-9B19-4600-8DAC-2361B7CDDE1F}.Release|Any CPU.ActiveCfg = Release|Any CPU
		{6993CF34-9B19-4600-8DAC-2361B7CDDE1F}.Release|Any CPU.Build.0 = Release|Any CPU
	EndGlobalSection
	GlobalSection(SolutionProperties) = preSolution
		HideSolutionNode = FALSE
	EndGlobalSection
	GlobalSection(ExtensibilityGlobals) = postSolution
		SolutionGuid = {C6B950DD-3962-4689-917A-F0B0C24493B9}
	EndGlobalSection
EndGlobal
