
Microsoft Visual Studio Solution File, Format Version 12.00
# Visual Studio Version 17
VisualStudioVersion = 17.4.33205.214
MinimumVisualStudioVersion = 10.0.40219.1
Project("{FAE04EC0-301F-11D3-BF4B-00C04F79EFBC}") = "1_2", "1_2\1_2.csproj", "{9603B1B2-ED72-4E65-A386-7893C0A9DD7A}"
EndProject
Global
	GlobalSection(SolutionConfigurationPlatforms) = preSolution
		Debug|Any CPU = Debug|Any CPU
		Release|Any CPU = Release|Any CPU
	EndGlobalSection
	GlobalSection(ProjectConfigurationPlatforms) = postSolution
		{9603B1B2-ED72-4E65-A386-7893C0A9DD7A}.Debug|Any CPU.ActiveCfg = Debug|Any CPU
		{9603B1B2-ED72-4E65-A386-7893C0A9DD7A}.Debug|Any CPU.Build.0 = Debug|Any CPU
		{9603B1B2-ED72-4E65-A386-7893C0A9DD7A}.Release|Any CPU.ActiveCfg = Release|Any CPU
		{9603B1B2-ED72-4E65-A386-7893C0A9DD7A}.Release|Any CPU.Build.0 = Release|Any CPU
	EndGlobalSection
	GlobalSection(SolutionProperties) = preSolution
		HideSolutionNode = FALSE
	EndGlobalSection
	GlobalSection(ExtensibilityGlobals) = postSolution
		SolutionGuid = {5C384269-F742-49F1-BF10-099AB071C481}
	EndGlobalSection
EndGlobal
