
Microsoft Visual Studio Solution File, Format Version 12.00
# Visual Studio Version 17
VisualStudioVersion = 17.8.34330.188
MinimumVisualStudioVersion = 10.0.40219.1
Project("{FAE04EC0-301F-11D3-BF4B-00C04F79EFBC}") = "zad1", "zad1\zad1.csproj", "{29399BE8-D408-4B05-8B64-8F71EBD8CB05}"
EndProject
Global
	GlobalSection(SolutionConfigurationPlatforms) = preSolution
		Debug|Any CPU = Debug|Any CPU
		Release|Any CPU = Release|Any CPU
	EndGlobalSection
	GlobalSection(ProjectConfigurationPlatforms) = postSolution
		{29399BE8-D408-4B05-8B64-8F71EBD8CB05}.Debug|Any CPU.ActiveCfg = Debug|Any CPU
		{29399BE8-D408-4B05-8B64-8F71EBD8CB05}.Debug|Any CPU.Build.0 = Debug|Any CPU
		{29399BE8-D408-4B05-8B64-8F71EBD8CB05}.Release|Any CPU.ActiveCfg = Release|Any CPU
		{29399BE8-D408-4B05-8B64-8F71EBD8CB05}.Release|Any CPU.Build.0 = Release|Any CPU
	EndGlobalSection
	GlobalSection(SolutionProperties) = preSolution
		HideSolutionNode = FALSE
	EndGlobalSection
	GlobalSection(ExtensibilityGlobals) = postSolution
		SolutionGuid = {918C18FC-6F90-4FEA-9097-EE7380E0DE4A}
	EndGlobalSection
EndGlobal
